
Microsoft Visual Studio Solution File, Format Version 12.00
# Visual Studio Version 17
VisualStudioVersion = 17.10.35122.118
MinimumVisualStudioVersion = 10.0.40219.1
Project("{FAE04EC0-301F-11D3-BF4B-00C04F79EFBC}") = "Backend", "Backend.csproj", "{3F4B38C6-C554-4AB1-97F4-F3A4EA281EFC}"
EndProject
Global
	GlobalSection(SolutionConfigurationPlatforms) = preSolution
		Debug|Any CPU = Debug|Any CPU
		Release|Any CPU = Release|Any CPU
	EndGlobalSection
	GlobalSection(ProjectConfigurationPlatforms) = postSolution
		{3F4B38C6-C554-4AB1-97F4-F3A4EA281EFC}.Debug|Any CPU.ActiveCfg = Debug|Any CPU
		{3F4B38C6-C554-4AB1-97F4-F3A4EA281EFC}.Debug|Any CPU.Build.0 = Debug|Any CPU
		{3F4B38C6-C554-4AB1-97F4-F3A4EA281EFC}.Release|Any CPU.ActiveCfg = Release|Any CPU
		{3F4B38C6-C554-4AB1-97F4-F3A4EA281EFC}.Release|Any CPU.Build.0 = Release|Any CPU
	EndGlobalSection
	GlobalSection(SolutionProperties) = preSolution
		HideSolutionNode = FALSE
	EndGlobalSection
	GlobalSection(ExtensibilityGlobals) = postSolution
		SolutionGuid = {C0696553-3CDC-40A7-93D0-A5E0F6B39108}
	EndGlobalSection
EndGlobal
